<?xml version="1.0" encoding="utf-8"?>
<Project ToolsVersion="4.0" xmlns="http://schemas.microsoft.com/developer/msbuild/2003">
  <ItemGroup>
    <Filter Include="소스 파일">
      <UniqueIdentifier>{4FC737F1-C7A5-4376-A066-2A32D752A2FF}</UniqueIdentifier>
      <Extensions>cpp;c;cc;cxx;c++;cppm;ixx;def;odl;idl;hpj;bat;asm;asmx</Extensions>
    </Filter>
    <Filter Include="헤더 파일">
      <UniqueIdentifier>{93995380-89BD-4b04-88EB-625FBE52EBFB}</UniqueIdentifier>
      <Extensions>h;hh;hpp;hxx;h++;hm;inl;inc;ipp;xsd</Extensions>
    </Filter>
    <Filter Include="리소스 파일">
      <UniqueIdentifier>{67DA6AB6-F800-4c08-8B7A-83BB121AAD01}</UniqueIdentifier>
      <Extensions>rc;ico;cur;bmp;dlg;rc2;rct;bin;rgs;gif;jpg;jpeg;jpe;resx;tiff;tif;png;wav;mfcribbon-ms</Extensions>
    </Filter>
    <Filter Include="01.GameManager">
      <UniqueIdentifier>{22511b6e-4fb4-4741-b0cf-d5bae62d0905}</UniqueIdentifier>
    </Filter>
    <Filter Include="02.Share">
      <UniqueIdentifier>{fefc6042-5bca-4334-982f-187377dcb5fd}</UniqueIdentifier>
    </Filter>
    <Filter Include="02.Share\01.Time">
      <UniqueIdentifier>{fad77a76-bafe-4a5f-9f85-bf7ccc2495d5}</UniqueIdentifier>
    </Filter>
    <Filter Include="01.GameManager\01.Device">
      <UniqueIdentifier>{78b7b434-92cf-404c-82a0-d0238298fe8c}</UniqueIdentifier>
    </Filter>
    <Filter Include="02.Share\02.Object">
      <UniqueIdentifier>{ab6a5f63-53f7-46ec-a657-68ba45b20668}</UniqueIdentifier>
    </Filter>
    <Filter Include="03.Asset">
      <UniqueIdentifier>{a6192ae6-2183-4316-83bc-7f61ad80388e}</UniqueIdentifier>
    </Filter>
    <Filter Include="03.Asset\Mesh">
      <UniqueIdentifier>{04fa9831-cb37-4ff5-92d8-3a46f4400c84}</UniqueIdentifier>
    </Filter>
    <Filter Include="02.Share\03.SharedPtr">
      <UniqueIdentifier>{4dcb202a-bdf9-45b0-ae3e-8b8a3af7fcf1}</UniqueIdentifier>
    </Filter>
    <Filter Include="04.Shader">
      <UniqueIdentifier>{bbd20f8f-70f9-4d85-b5ca-21a004d6e681}</UniqueIdentifier>
    </Filter>
    <Filter Include="04.Shader\01.HLSL">
      <UniqueIdentifier>{812cd551-49b9-4b56-b629-e885baec1bff}</UniqueIdentifier>
    </Filter>
    <Filter Include="04.Shader\02.Shader Class">
      <UniqueIdentifier>{0f0f336a-3972-4f5e-9bbb-f4129609fab0}</UniqueIdentifier>
    </Filter>
    <Filter Include="04.Shader\03.ConstantBuffer">
      <UniqueIdentifier>{e3c012bc-85fb-40e1-9831-5d1544a9f41d}</UniqueIdentifier>
    </Filter>
    <Filter Include="04.Shader\03.ConstantBuffer\01.Transform">
      <UniqueIdentifier>{afb6d9a2-5c78-4866-a803-c8003a1475b0}</UniqueIdentifier>
    </Filter>
  </ItemGroup>
  <ItemGroup>
    <ClCompile Include="main.cpp">
      <Filter>소스 파일</Filter>
    </ClCompile>
    <ClCompile Include="GameManager.cpp">
      <Filter>01.GameManager</Filter>
    </ClCompile>
    <ClCompile Include="Share\Timer.cpp">
      <Filter>02.Share\01.Time</Filter>
    </ClCompile>
    <ClCompile Include="Vector4D.cpp">
      <Filter>소스 파일</Filter>
    </ClCompile>
    <ClCompile Include="Device.cpp">
      <Filter>01.GameManager\01.Device</Filter>
    </ClCompile>
    <ClCompile Include="Share\Object.cpp">
      <Filter>02.Share\02.Object</Filter>
    </ClCompile>
    <ClCompile Include="Asset\AssetManager.cpp">
      <Filter>03.Asset</Filter>
    </ClCompile>
    <ClCompile Include="Asset\Asset.cpp">
      <Filter>03.Asset</Filter>
    </ClCompile>
    <ClCompile Include="Asset\Mesh\Mesh.cpp">
      <Filter>03.Asset\Mesh</Filter>
    </ClCompile>
    <ClCompile Include="Asset\Mesh\StaticMesh.cpp">
      <Filter>03.Asset\Mesh</Filter>
    </ClCompile>
    <ClCompile Include="Asset\Mesh\MeshManager.cpp">
      <Filter>03.Asset\Mesh</Filter>
    </ClCompile>
    <ClCompile Include="Share\SharedPtr.cpp">
      <Filter>02.Share\03.SharedPtr</Filter>
    </ClCompile>
    <ClCompile Include="Shader\ShaderManager.cpp">
      <Filter>04.Shader</Filter>
    </ClCompile>
    <ClCompile Include="Shader\ColorMeshShader.cpp">
      <Filter>04.Shader\02.Shader Class</Filter>
    </ClCompile>
    <ClCompile Include="Shader\ComputeShader.cpp">
      <Filter>04.Shader\02.Shader Class</Filter>
    </ClCompile>
    <ClCompile Include="Shader\GraphicShader.cpp">
      <Filter>04.Shader\02.Shader Class</Filter>
    </ClCompile>
    <ClCompile Include="Shader\Shader.cpp">
      <Filter>04.Shader\02.Shader Class</Filter>
    </ClCompile>
    <ClCompile Include="Shader\ConstantBuffer.cpp">
      <Filter>04.Shader\03.ConstantBuffer</Filter>
    </ClCompile>
    <ClCompile Include="Shader\ConstantBufferData.cpp">
      <Filter>04.Shader\03.ConstantBuffer</Filter>
    </ClCompile>
    <ClCompile Include="Shader\TransformCBuffer.cpp">
      <Filter>04.Shader\03.ConstantBuffer\01.Transform</Filter>
    </ClCompile>
  </ItemGroup>
  <ItemGroup>
    <ClInclude Include="GameManager.h">
      <Filter>01.GameManager</Filter>
    </ClInclude>
    <ClInclude Include="resource.h">
      <Filter>헤더 파일</Filter>
    </ClInclude>
    <ClInclude Include="Share\Timer.h">
      <Filter>02.Share\01.Time</Filter>
    </ClInclude>
    <ClInclude Include="GameInfo.h">
      <Filter>헤더 파일</Filter>
    </ClInclude>
    <ClInclude Include="Vector2D.h">
      <Filter>헤더 파일</Filter>
    </ClInclude>
    <ClInclude Include="Vector3D.h">
      <Filter>헤더 파일</Filter>
    </ClInclude>
    <ClInclude Include="Vector4D.h">
      <Filter>헤더 파일</Filter>
    </ClInclude>
    <ClInclude Include="Device.h">
      <Filter>01.GameManager\01.Device</Filter>
    </ClInclude>
    <ClInclude Include="Share\Object.h">
      <Filter>02.Share\02.Object</Filter>
    </ClInclude>
    <ClInclude Include="Asset\AssetManager.h">
      <Filter>03.Asset</Filter>
    </ClInclude>
    <ClInclude Include="Asset\Asset.h">
      <Filter>03.Asset</Filter>
    </ClInclude>
    <ClInclude Include="Asset\Mesh\Mesh.h">
      <Filter>03.Asset\Mesh</Filter>
    </ClInclude>
    <ClInclude Include="Asset\Mesh\StaticMesh.h">
      <Filter>03.Asset\Mesh</Filter>
    </ClInclude>
    <ClInclude Include="Asset\Mesh\MeshManager.h">
      <Filter>03.Asset\Mesh</Filter>
    </ClInclude>
    <ClInclude Include="Share\SharedPtr.h">
      <Filter>02.Share\03.SharedPtr</Filter>
    </ClInclude>
    <ClInclude Include="EngineMath.h">
      <Filter>헤더 파일</Filter>
    </ClInclude>
    <ClInclude Include="Shader\ShaderManager.h">
      <Filter>04.Shader</Filter>
    </ClInclude>
    <ClInclude Include="Shader\ColorMeshShader.h">
      <Filter>04.Shader\02.Shader Class</Filter>
    </ClInclude>
    <ClInclude Include="Shader\ComputeShader.h">
      <Filter>04.Shader\02.Shader Class</Filter>
    </ClInclude>
    <ClInclude Include="Shader\GraphicShader.h">
      <Filter>04.Shader\02.Shader Class</Filter>
    </ClInclude>
    <ClInclude Include="Shader\Shader.h">
      <Filter>04.Shader\02.Shader Class</Filter>
    </ClInclude>
    <ClInclude Include="Matrix.h">
      <Filter>헤더 파일</Filter>
    </ClInclude>
    <ClInclude Include="Shader\ConstantBuffer.h">
      <Filter>04.Shader\03.ConstantBuffer</Filter>
    </ClInclude>
    <ClInclude Include="Shader\BufferContainer.h">
      <Filter>04.Shader\03.ConstantBuffer</Filter>
    </ClInclude>
    <ClInclude Include="Shader\ConstantBufferData.h">
      <Filter>04.Shader\03.ConstantBuffer</Filter>
    </ClInclude>
    <ClInclude Include="Shader\TransformCBuffer.h">
      <Filter>04.Shader\03.ConstantBuffer\01.Transform</Filter>
    </ClInclude>
  </ItemGroup>
  <ItemGroup>
    <ResourceCompile Include="FrameWork.rc">
      <Filter>리소스 파일</Filter>
    </ResourceCompile>
  </ItemGroup>
  <ItemGroup>
    <Image Include="icon1.ico">
      <Filter>리소스 파일</Filter>
    </Image>
  </ItemGroup>
  <ItemGroup>
    <None Include="ClassDiagram.cd" />
  </ItemGroup>
  <ItemGroup>
    <FxCompile Include="..\bin\Shader\Share.fx">
      <Filter>04.Shader\01.HLSL</Filter>
    </FxCompile>
    <FxCompile Include="..\bin\Shader\ColorMesh.fx">
      <Filter>04.Shader\01.HLSL</Filter>
    </FxCompile>
  </ItemGroup>
</Project>